
Microsoft Visual Studio Solution File, Format Version 12.00
# Visual Studio Version 17
VisualStudioVersion = 17.9.34622.214
MinimumVisualStudioVersion = 10.0.40219.1
Project("{2150E333-8FDC-42A3-9474-1A3956D46DE8}") = "src", "src", "{37EFEF3A-7987-4D11-A3D7-BBC22DA9A2FC}"
EndProject
Project("{9A19103F-16F7-4668-BE54-9A1E7A4F7556}") = "NextSolution.Server", "src\NextSolution.Server\NextSolution.Server.csproj", "{EF051F74-24BB-4867-A2E0-A236CA00E30A}"
EndProject
Global
	GlobalSection(SolutionConfigurationPlatforms) = preSolution
		Debug|Any CPU = Debug|Any CPU
		Release|Any CPU = Release|Any CPU
	EndGlobalSection
	GlobalSection(ProjectConfigurationPlatforms) = postSolution
		{EF051F74-24BB-4867-A2E0-A236CA00E30A}.Debug|Any CPU.ActiveCfg = Debug|Any CPU
		{EF051F74-24BB-4867-A2E0-A236CA00E30A}.Debug|Any CPU.Build.0 = Debug|Any CPU
		{EF051F74-24BB-4867-A2E0-A236CA00E30A}.Release|Any CPU.ActiveCfg = Release|Any CPU
		{EF051F74-24BB-4867-A2E0-A236CA00E30A}.Release|Any CPU.Build.0 = Release|Any CPU
	EndGlobalSection
	GlobalSection(SolutionProperties) = preSolution
		HideSolutionNode = FALSE
	EndGlobalSection
	GlobalSection(NestedProjects) = preSolution
		{EF051F74-24BB-4867-A2E0-A236CA00E30A} = {37EFEF3A-7987-4D11-A3D7-BBC22DA9A2FC}
	EndGlobalSection
	GlobalSection(ExtensibilityGlobals) = postSolution
		SolutionGuid = {488039DA-CE9C-43F4-816E-665AC30F41DD}
	EndGlobalSection
EndGlobal
